
Microsoft Visual Studio Solution File, Format Version 12.00
# Visual Studio Version 16
VisualStudioVersion = 16.0.31613.86
MinimumVisualStudioVersion = 10.0.40219.1
Project("{FAE04EC0-301F-11D3-BF4B-00C04F79EFBC}") = "AdventOfCode.Day03", "AdventOfCode.Day03.csproj", "{605CBA3E-3AAB-4177-8325-3E3DBDD630DE}"
EndProject
Global
	GlobalSection(SolutionConfigurationPlatforms) = preSolution
		Debug|Any CPU = Debug|Any CPU
		Release|Any CPU = Release|Any CPU
	EndGlobalSection
	GlobalSection(ProjectConfigurationPlatforms) = postSolution
		{605CBA3E-3AAB-4177-8325-3E3DBDD630DE}.Debug|Any CPU.ActiveCfg = Debug|Any CPU
		{605CBA3E-3AAB-4177-8325-3E3DBDD630DE}.Debug|Any CPU.Build.0 = Debug|Any CPU
		{605CBA3E-3AAB-4177-8325-3E3DBDD630DE}.Release|Any CPU.ActiveCfg = Release|Any CPU
		{605CBA3E-3AAB-4177-8325-3E3DBDD630DE}.Release|Any CPU.Build.0 = Release|Any CPU
	EndGlobalSection
	GlobalSection(SolutionProperties) = preSolution
		HideSolutionNode = FALSE
	EndGlobalSection
	GlobalSection(ExtensibilityGlobals) = postSolution
		SolutionGuid = {572ACB26-1FC7-4BD1-8B57-A182108AFD32}
	EndGlobalSection
EndGlobal
